
Microsoft Visual Studio Solution File, Format Version 12.00
# Visual Studio Version 16
VisualStudioVersion = 16.0.32228.343
MinimumVisualStudioVersion = 10.0.40219.1
Project("{9A19103F-16F7-4668-BE54-9A1E7A4F7556}") = "CommonControls", "CommonControls\CommonControls.csproj", "{992065A0-6965-4B9F-A4F7-79CEA145A621}"
EndProject
Project("{9A19103F-16F7-4668-BE54-9A1E7A4F7556}") = "ViewModel", "ViewModel\ViewModel.csproj", "{F617F24D-FB0B-4C98-BDF5-C08A7964F5A3}"
EndProject
Project("{9A19103F-16F7-4668-BE54-9A1E7A4F7556}") = "Debugger", "Debugger\Debugger.csproj", "{C5F37486-DCED-443A-9F63-C6710A112C93}"
EndProject
Project("{9A19103F-16F7-4668-BE54-9A1E7A4F7556}") = "ExtendedSystemObjects", "ExtendedSystemObjects\ExtendedSystemObjects.csproj", "{478A9EC3-44CF-46F4-A8A2-3E2B366694AF}"
EndProject
Project("{9A19103F-16F7-4668-BE54-9A1E7A4F7556}") = "FileHandler", "FileHandler\FileHandler.csproj", "{D8654229-1F9B-4EAF-ABCA-988A81DFA2F5}"
EndProject
Project("{9A19103F-16F7-4668-BE54-9A1E7A4F7556}") = "Interpreter", "Interpreter\Interpreter.csproj", "{CF5BD7E6-D095-4FBA-9CE6-B820EB76403B}"
EndProject
Project("{9A19103F-16F7-4668-BE54-9A1E7A4F7556}") = "PathFinding", "PathFinding\PathFinding.csproj", "{6C092755-9C60-4434-9948-EC1523F30C88}"
EndProject
Project("{9A19103F-16F7-4668-BE54-9A1E7A4F7556}") = "Serializer", "Serializer\Serializer.csproj", "{D550DE28-B4F1-4FC3-9383-24CC5A7CF8C7}"
EndProject
Project("{9A19103F-16F7-4668-BE54-9A1E7A4F7556}") = "Plugin", "Plugin\Plugin.csproj", "{BBE1972E-0AD8-4452-BD76-5E4E12C70D58}"
EndProject
Project("{9A19103F-16F7-4668-BE54-9A1E7A4F7556}") = "PluginLoader", "PluginLoader\PluginLoader.csproj", "{B14A8411-C394-43C8-93F1-61796D22FA26}"
EndProject
Project("{9A19103F-16F7-4668-BE54-9A1E7A4F7556}") = "SQLiteHelper", "SQLiteHelper\SQLiteHelper.csproj", "{68E498C7-C86E-43C7-A986-B62B004B7049}"
EndProject
Project("{9A19103F-16F7-4668-BE54-9A1E7A4F7556}") = "Renderer", "Renderer\Renderer.csproj", "{2A5CAEA1-82D5-48F6-9A05-8A3B93AB7A63}"
EndProject
Project("{9A19103F-16F7-4668-BE54-9A1E7A4F7556}") = "Resources", "Resources\Resources.csproj", "{7440625B-BD2A-4EB5-9B2D-73C8E3BD258B}"
EndProject
Project("{9A19103F-16F7-4668-BE54-9A1E7A4F7556}") = "AvalonRuntime", "AvalonRuntime\AvalonRuntime.csproj", "{C7E44E82-AA67-4570-8371-C39E2F1655B7}"
EndProject
Project("{9A19103F-16F7-4668-BE54-9A1E7A4F7556}") = "CampaignDriver", "CampaignDriver\CampaignDriver.csproj", "{72C196E3-E5E5-401F-B6E6-5D32D7A3A808}"
EndProject
Project("{9A19103F-16F7-4668-BE54-9A1E7A4F7556}") = "EventEngine", "EventEngine\EventEngine.csproj", "{BB849AD5-269C-4353-9FEC-3C2448E8AC4A}"
EndProject
Project("{9A19103F-16F7-4668-BE54-9A1E7A4F7556}") = "GameEngine", "GameEngine\GameEngine.csproj", "{914C70A6-8ED6-4FA9-9458-40BCA9330611}"
EndProject
Project("{9A19103F-16F7-4668-BE54-9A1E7A4F7556}") = "Loader", "Loader\Loader.csproj", "{62779D4F-E0E7-4A82-B10B-78BF70292EDF}"
EndProject
Project("{9A19103F-16F7-4668-BE54-9A1E7A4F7556}") = "DenSerializer", "DenSerializer\DenSerializer.csproj", "{FA920E3E-27CD-46EB-8021-3032EB2D9111}"
EndProject
Project("{9A19103F-16F7-4668-BE54-9A1E7A4F7556}") = "Campaigns", "Campaigns\Campaigns.csproj", "{DE9965C4-9F03-4AE9-9B87-0E06E63DA2E6}"
EndProject
Project("{9A19103F-16F7-4668-BE54-9A1E7A4F7556}") = "CharacterDisplay", "CharacterDisplay\CharacterDisplay.csproj", "{CDECB3E9-C688-4637-8138-A8FD1A5D4E9B}"
EndProject
Project("{9A19103F-16F7-4668-BE54-9A1E7A4F7556}") = "CharacterEngine", "CharacterEngine\CharacterEngine.csproj", "{F84B5F5D-57C0-405F-9FBC-344D54EAA114}"
EndProject
Project("{9A19103F-16F7-4668-BE54-9A1E7A4F7556}") = "ItemExchange", "ItemExchange\ItemExchange.csproj", "{5A5912C9-6F22-4E31-804D-72463729411B}"
EndProject
Project("{9A19103F-16F7-4668-BE54-9A1E7A4F7556}") = "DatabaseDriver", "DatabaseDriver\DatabaseDriver.csproj", "{A8E17045-72E8-4EFF-B458-AC9EB7A96D6F}"
EndProject
Project("{9A19103F-16F7-4668-BE54-9A1E7A4F7556}") = "SQLiteGui", "SqlLiteGui\SQLiteGui.csproj", "{29E8705D-A497-4A85-8B75-F9F21E21A0FA}"
EndProject
Project("{9A19103F-16F7-4668-BE54-9A1E7A4F7556}") = "DialogsDisplay", "DialogsDisplay\DialogsDisplay.csproj", "{00898CE6-FAEA-40CA-B2FC-3065CE1A4F75}"
EndProject
Project("{9A19103F-16F7-4668-BE54-9A1E7A4F7556}") = "DialogEngine", "DialogEngine\DialogEngine.csproj", "{C13B97E0-EA13-495D-9BB3-AC0B414BA514}"
EndProject
Project("{9A19103F-16F7-4668-BE54-9A1E7A4F7556}") = "AvalonsDenTestsCampaign", "AvalonsDenTestsCampaign\AvalonsDenTestsCampaign.csproj", "{98F1E6A3-4369-47DE-B86D-A7F5BDD01959}"
EndProject
Project("{9A19103F-16F7-4668-BE54-9A1E7A4F7556}") = "MapGenerator", "MapGenerator\MapGenerator.csproj", "{96846DCE-9CE1-4650-AFA3-8E0F28D4FBDA}"
EndProject
Project("{9A19103F-16F7-4668-BE54-9A1E7A4F7556}") = "EditorCharacter", "EditorCharacter\EditorCharacter.csproj", "{710932E1-AC28-4E8F-BA90-EBC01E7395BA}"
EndProject
Project("{9A19103F-16F7-4668-BE54-9A1E7A4F7556}") = "EditorDialogTree", "EditorDialogTree\EditorDialogTree.csproj", "{39703C3C-1BDB-4131-A29E-8D9CBFDB23E2}"
EndProject
Project("{9A19103F-16F7-4668-BE54-9A1E7A4F7556}") = "EditorEvent", "EditorEvent\EditorEvent.csproj", "{6E0B49E3-413C-48C1-B928-9FD16957A968}"
EndProject
Project("{9A19103F-16F7-4668-BE54-9A1E7A4F7556}") = "EditorItems", "EditorItems\EditorItems.csproj", "{152334B8-A96E-4BF8-AA17-3631585D272A}"
EndProject
Project("{9A19103F-16F7-4668-BE54-9A1E7A4F7556}") = "EditorMap", "EditorMap\EditorMap.csproj", "{2BE5A96F-C0B7-4356-86FE-5AA451A59D6D}"
EndProject
Project("{9A19103F-16F7-4668-BE54-9A1E7A4F7556}") = "Editors", "Editors\Editors.csproj", "{F1DF9E1D-E7E2-44E8-9F66-6D3A8D0A2925}"
EndProject
Project("{9A19103F-16F7-4668-BE54-9A1E7A4F7556}") = "EditorCampaign", "EditorCampaign\EditorCampaign.csproj", "{85AA85D0-DAFE-4706-9C70-820A30D0C61E}"
EndProject
Project("{9A19103F-16F7-4668-BE54-9A1E7A4F7556}") = "TransitionEngine", "TransitionEngine\TransitionEngine.csproj", "{DDC87865-91C1-4208-B047-09C311074BBE}"
EndProject
Project("{9A19103F-16F7-4668-BE54-9A1E7A4F7556}") = "Chapter", "Chapter\Chapter.csproj", "{F1C85D8B-1D39-4D21-8BA7-CCC20BBAA731}"
EndProject
Project("{9A19103F-16F7-4668-BE54-9A1E7A4F7556}") = "AvalonsDenTests", "AvalonsDenTests\AvalonsDenTests.csproj", "{62E202CF-9598-4918-A597-DCB659DDAA64}"
EndProject
Project("{9A19103F-16F7-4668-BE54-9A1E7A4F7556}") = "AvalonsDenTestsUI", "AvalonsDenTestsUI\AvalonsDenTestsUI.csproj", "{BDA724FC-50C3-45F1-A7BB-2618675B6B1D}"
EndProject
Project("{9A19103F-16F7-4668-BE54-9A1E7A4F7556}") = "Inventory", "Inventory\Inventory.csproj", "{307C0D06-C659-4730-82EA-0AD5DBA10ECD}"
EndProject
Project("{9A19103F-16F7-4668-BE54-9A1E7A4F7556}") = "InterOp", "InterOp\InterOp.csproj", "{FC2117A5-6F6B-469E-B7EB-9735BE1BCF5A}"
EndProject
Project("{9A19103F-16F7-4668-BE54-9A1E7A4F7556}") = "DataFormatter", "DataFormatter\DataFormatter.csproj", "{8BB100FF-489C-41D8-A45F-D31614D2EB93}"
EndProject
Project("{9A19103F-16F7-4668-BE54-9A1E7A4F7556}") = "Mathematics", "Mathematics\Mathematics.csproj", "{971F7FD6-2A91-4E1C-953A-831D92217FB4}"
EndProject
Project("{9A19103F-16F7-4668-BE54-9A1E7A4F7556}") = "Imaging", "Imaging\Imaging.csproj", "{04BE09AE-1881-42B9-95A1-A2D954E8D9C6}"
EndProject
Global
	GlobalSection(SolutionConfigurationPlatforms) = preSolution
		Debug|Any CPU = Debug|Any CPU
		Release|Any CPU = Release|Any CPU
	EndGlobalSection
	GlobalSection(ProjectConfigurationPlatforms) = postSolution
		{992065A0-6965-4B9F-A4F7-79CEA145A621}.Debug|Any CPU.ActiveCfg = Debug|Any CPU
		{992065A0-6965-4B9F-A4F7-79CEA145A621}.Debug|Any CPU.Build.0 = Debug|Any CPU
		{992065A0-6965-4B9F-A4F7-79CEA145A621}.Release|Any CPU.ActiveCfg = Release|Any CPU
		{992065A0-6965-4B9F-A4F7-79CEA145A621}.Release|Any CPU.Build.0 = Release|Any CPU
		{F617F24D-FB0B-4C98-BDF5-C08A7964F5A3}.Debug|Any CPU.ActiveCfg = Debug|Any CPU
		{F617F24D-FB0B-4C98-BDF5-C08A7964F5A3}.Debug|Any CPU.Build.0 = Debug|Any CPU
		{F617F24D-FB0B-4C98-BDF5-C08A7964F5A3}.Release|Any CPU.ActiveCfg = Release|Any CPU
		{F617F24D-FB0B-4C98-BDF5-C08A7964F5A3}.Release|Any CPU.Build.0 = Release|Any CPU
		{C5F37486-DCED-443A-9F63-C6710A112C93}.Debug|Any CPU.ActiveCfg = Debug|Any CPU
		{C5F37486-DCED-443A-9F63-C6710A112C93}.Debug|Any CPU.Build.0 = Debug|Any CPU
		{C5F37486-DCED-443A-9F63-C6710A112C93}.Release|Any CPU.ActiveCfg = Release|Any CPU
		{C5F37486-DCED-443A-9F63-C6710A112C93}.Release|Any CPU.Build.0 = Release|Any CPU
		{478A9EC3-44CF-46F4-A8A2-3E2B366694AF}.Debug|Any CPU.ActiveCfg = Debug|Any CPU
		{478A9EC3-44CF-46F4-A8A2-3E2B366694AF}.Debug|Any CPU.Build.0 = Debug|Any CPU
		{478A9EC3-44CF-46F4-A8A2-3E2B366694AF}.Release|Any CPU.ActiveCfg = Release|Any CPU
		{478A9EC3-44CF-46F4-A8A2-3E2B366694AF}.Release|Any CPU.Build.0 = Release|Any CPU
		{D8654229-1F9B-4EAF-ABCA-988A81DFA2F5}.Debug|Any CPU.ActiveCfg = Debug|Any CPU
		{D8654229-1F9B-4EAF-ABCA-988A81DFA2F5}.Debug|Any CPU.Build.0 = Debug|Any CPU
		{D8654229-1F9B-4EAF-ABCA-988A81DFA2F5}.Release|Any CPU.ActiveCfg = Release|Any CPU
		{D8654229-1F9B-4EAF-ABCA-988A81DFA2F5}.Release|Any CPU.Build.0 = Release|Any CPU
		{CF5BD7E6-D095-4FBA-9CE6-B820EB76403B}.Debug|Any CPU.ActiveCfg = Debug|Any CPU
		{CF5BD7E6-D095-4FBA-9CE6-B820EB76403B}.Debug|Any CPU.Build.0 = Debug|Any CPU
		{CF5BD7E6-D095-4FBA-9CE6-B820EB76403B}.Release|Any CPU.ActiveCfg = Release|Any CPU
		{CF5BD7E6-D095-4FBA-9CE6-B820EB76403B}.Release|Any CPU.Build.0 = Release|Any CPU
		{6C092755-9C60-4434-9948-EC1523F30C88}.Debug|Any CPU.ActiveCfg = Debug|Any CPU
		{6C092755-9C60-4434-9948-EC1523F30C88}.Debug|Any CPU.Build.0 = Debug|Any CPU
		{6C092755-9C60-4434-9948-EC1523F30C88}.Release|Any CPU.ActiveCfg = Release|Any CPU
		{6C092755-9C60-4434-9948-EC1523F30C88}.Release|Any CPU.Build.0 = Release|Any CPU
		{D550DE28-B4F1-4FC3-9383-24CC5A7CF8C7}.Debug|Any CPU.ActiveCfg = Debug|Any CPU
		{D550DE28-B4F1-4FC3-9383-24CC5A7CF8C7}.Debug|Any CPU.Build.0 = Debug|Any CPU
		{D550DE28-B4F1-4FC3-9383-24CC5A7CF8C7}.Release|Any CPU.ActiveCfg = Release|Any CPU
		{D550DE28-B4F1-4FC3-9383-24CC5A7CF8C7}.Release|Any CPU.Build.0 = Release|Any CPU
		{BBE1972E-0AD8-4452-BD76-5E4E12C70D58}.Debug|Any CPU.ActiveCfg = Debug|Any CPU
		{BBE1972E-0AD8-4452-BD76-5E4E12C70D58}.Debug|Any CPU.Build.0 = Debug|Any CPU
		{BBE1972E-0AD8-4452-BD76-5E4E12C70D58}.Release|Any CPU.ActiveCfg = Release|Any CPU
		{BBE1972E-0AD8-4452-BD76-5E4E12C70D58}.Release|Any CPU.Build.0 = Release|Any CPU
		{B14A8411-C394-43C8-93F1-61796D22FA26}.Debug|Any CPU.ActiveCfg = Debug|Any CPU
		{B14A8411-C394-43C8-93F1-61796D22FA26}.Debug|Any CPU.Build.0 = Debug|Any CPU
		{B14A8411-C394-43C8-93F1-61796D22FA26}.Release|Any CPU.ActiveCfg = Release|Any CPU
		{B14A8411-C394-43C8-93F1-61796D22FA26}.Release|Any CPU.Build.0 = Release|Any CPU
		{68E498C7-C86E-43C7-A986-B62B004B7049}.Debug|Any CPU.ActiveCfg = Debug|Any CPU
		{68E498C7-C86E-43C7-A986-B62B004B7049}.Debug|Any CPU.Build.0 = Debug|Any CPU
		{68E498C7-C86E-43C7-A986-B62B004B7049}.Release|Any CPU.ActiveCfg = Release|Any CPU
		{68E498C7-C86E-43C7-A986-B62B004B7049}.Release|Any CPU.Build.0 = Release|Any CPU
		{2A5CAEA1-82D5-48F6-9A05-8A3B93AB7A63}.Debug|Any CPU.ActiveCfg = Debug|Any CPU
		{2A5CAEA1-82D5-48F6-9A05-8A3B93AB7A63}.Debug|Any CPU.Build.0 = Debug|Any CPU
		{2A5CAEA1-82D5-48F6-9A05-8A3B93AB7A63}.Release|Any CPU.ActiveCfg = Release|Any CPU
		{2A5CAEA1-82D5-48F6-9A05-8A3B93AB7A63}.Release|Any CPU.Build.0 = Release|Any CPU
		{7440625B-BD2A-4EB5-9B2D-73C8E3BD258B}.Debug|Any CPU.ActiveCfg = Debug|Any CPU
		{7440625B-BD2A-4EB5-9B2D-73C8E3BD258B}.Debug|Any CPU.Build.0 = Debug|Any CPU
		{7440625B-BD2A-4EB5-9B2D-73C8E3BD258B}.Release|Any CPU.ActiveCfg = Release|Any CPU
		{7440625B-BD2A-4EB5-9B2D-73C8E3BD258B}.Release|Any CPU.Build.0 = Release|Any CPU
		{C7E44E82-AA67-4570-8371-C39E2F1655B7}.Debug|Any CPU.ActiveCfg = Debug|Any CPU
		{C7E44E82-AA67-4570-8371-C39E2F1655B7}.Debug|Any CPU.Build.0 = Debug|Any CPU
		{C7E44E82-AA67-4570-8371-C39E2F1655B7}.Release|Any CPU.ActiveCfg = Release|Any CPU
		{C7E44E82-AA67-4570-8371-C39E2F1655B7}.Release|Any CPU.Build.0 = Release|Any CPU
		{72C196E3-E5E5-401F-B6E6-5D32D7A3A808}.Debug|Any CPU.ActiveCfg = Debug|Any CPU
		{72C196E3-E5E5-401F-B6E6-5D32D7A3A808}.Debug|Any CPU.Build.0 = Debug|Any CPU
		{72C196E3-E5E5-401F-B6E6-5D32D7A3A808}.Release|Any CPU.ActiveCfg = Release|Any CPU
		{72C196E3-E5E5-401F-B6E6-5D32D7A3A808}.Release|Any CPU.Build.0 = Release|Any CPU
		{BB849AD5-269C-4353-9FEC-3C2448E8AC4A}.Debug|Any CPU.ActiveCfg = Debug|Any CPU
		{BB849AD5-269C-4353-9FEC-3C2448E8AC4A}.Debug|Any CPU.Build.0 = Debug|Any CPU
		{BB849AD5-269C-4353-9FEC-3C2448E8AC4A}.Release|Any CPU.ActiveCfg = Release|Any CPU
		{BB849AD5-269C-4353-9FEC-3C2448E8AC4A}.Release|Any CPU.Build.0 = Release|Any CPU
		{914C70A6-8ED6-4FA9-9458-40BCA9330611}.Debug|Any CPU.ActiveCfg = Debug|Any CPU
		{914C70A6-8ED6-4FA9-9458-40BCA9330611}.Debug|Any CPU.Build.0 = Debug|Any CPU
		{914C70A6-8ED6-4FA9-9458-40BCA9330611}.Release|Any CPU.ActiveCfg = Release|Any CPU
		{914C70A6-8ED6-4FA9-9458-40BCA9330611}.Release|Any CPU.Build.0 = Release|Any CPU
		{62779D4F-E0E7-4A82-B10B-78BF70292EDF}.Debug|Any CPU.ActiveCfg = Debug|Any CPU
		{62779D4F-E0E7-4A82-B10B-78BF70292EDF}.Debug|Any CPU.Build.0 = Debug|Any CPU
		{62779D4F-E0E7-4A82-B10B-78BF70292EDF}.Release|Any CPU.ActiveCfg = Release|Any CPU
		{62779D4F-E0E7-4A82-B10B-78BF70292EDF}.Release|Any CPU.Build.0 = Release|Any CPU
		{FA920E3E-27CD-46EB-8021-3032EB2D9111}.Debug|Any CPU.ActiveCfg = Debug|Any CPU
		{FA920E3E-27CD-46EB-8021-3032EB2D9111}.Debug|Any CPU.Build.0 = Debug|Any CPU
		{FA920E3E-27CD-46EB-8021-3032EB2D9111}.Release|Any CPU.ActiveCfg = Release|Any CPU
		{FA920E3E-27CD-46EB-8021-3032EB2D9111}.Release|Any CPU.Build.0 = Release|Any CPU
		{DE9965C4-9F03-4AE9-9B87-0E06E63DA2E6}.Debug|Any CPU.ActiveCfg = Debug|Any CPU
		{DE9965C4-9F03-4AE9-9B87-0E06E63DA2E6}.Debug|Any CPU.Build.0 = Debug|Any CPU
		{DE9965C4-9F03-4AE9-9B87-0E06E63DA2E6}.Release|Any CPU.ActiveCfg = Release|Any CPU
		{DE9965C4-9F03-4AE9-9B87-0E06E63DA2E6}.Release|Any CPU.Build.0 = Release|Any CPU
		{CDECB3E9-C688-4637-8138-A8FD1A5D4E9B}.Debug|Any CPU.ActiveCfg = Debug|Any CPU
		{CDECB3E9-C688-4637-8138-A8FD1A5D4E9B}.Debug|Any CPU.Build.0 = Debug|Any CPU
		{CDECB3E9-C688-4637-8138-A8FD1A5D4E9B}.Release|Any CPU.ActiveCfg = Release|Any CPU
		{CDECB3E9-C688-4637-8138-A8FD1A5D4E9B}.Release|Any CPU.Build.0 = Release|Any CPU
		{F84B5F5D-57C0-405F-9FBC-344D54EAA114}.Debug|Any CPU.ActiveCfg = Debug|Any CPU
		{F84B5F5D-57C0-405F-9FBC-344D54EAA114}.Debug|Any CPU.Build.0 = Debug|Any CPU
		{F84B5F5D-57C0-405F-9FBC-344D54EAA114}.Release|Any CPU.ActiveCfg = Release|Any CPU
		{F84B5F5D-57C0-405F-9FBC-344D54EAA114}.Release|Any CPU.Build.0 = Release|Any CPU
		{5A5912C9-6F22-4E31-804D-72463729411B}.Debug|Any CPU.ActiveCfg = Debug|Any CPU
		{5A5912C9-6F22-4E31-804D-72463729411B}.Debug|Any CPU.Build.0 = Debug|Any CPU
		{5A5912C9-6F22-4E31-804D-72463729411B}.Release|Any CPU.ActiveCfg = Release|Any CPU
		{5A5912C9-6F22-4E31-804D-72463729411B}.Release|Any CPU.Build.0 = Release|Any CPU
		{A8E17045-72E8-4EFF-B458-AC9EB7A96D6F}.Debug|Any CPU.ActiveCfg = Debug|Any CPU
		{A8E17045-72E8-4EFF-B458-AC9EB7A96D6F}.Debug|Any CPU.Build.0 = Debug|Any CPU
		{A8E17045-72E8-4EFF-B458-AC9EB7A96D6F}.Release|Any CPU.ActiveCfg = Release|Any CPU
		{A8E17045-72E8-4EFF-B458-AC9EB7A96D6F}.Release|Any CPU.Build.0 = Release|Any CPU
		{29E8705D-A497-4A85-8B75-F9F21E21A0FA}.Debug|Any CPU.ActiveCfg = Debug|Any CPU
		{29E8705D-A497-4A85-8B75-F9F21E21A0FA}.Debug|Any CPU.Build.0 = Debug|Any CPU
		{29E8705D-A497-4A85-8B75-F9F21E21A0FA}.Release|Any CPU.ActiveCfg = Release|Any CPU
		{29E8705D-A497-4A85-8B75-F9F21E21A0FA}.Release|Any CPU.Build.0 = Release|Any CPU
		{00898CE6-FAEA-40CA-B2FC-3065CE1A4F75}.Debug|Any CPU.ActiveCfg = Debug|Any CPU
		{00898CE6-FAEA-40CA-B2FC-3065CE1A4F75}.Debug|Any CPU.Build.0 = Debug|Any CPU
		{00898CE6-FAEA-40CA-B2FC-3065CE1A4F75}.Release|Any CPU.ActiveCfg = Release|Any CPU
		{00898CE6-FAEA-40CA-B2FC-3065CE1A4F75}.Release|Any CPU.Build.0 = Release|Any CPU
		{C13B97E0-EA13-495D-9BB3-AC0B414BA514}.Debug|Any CPU.ActiveCfg = Debug|Any CPU
		{C13B97E0-EA13-495D-9BB3-AC0B414BA514}.Debug|Any CPU.Build.0 = Debug|Any CPU
		{C13B97E0-EA13-495D-9BB3-AC0B414BA514}.Release|Any CPU.ActiveCfg = Release|Any CPU
		{C13B97E0-EA13-495D-9BB3-AC0B414BA514}.Release|Any CPU.Build.0 = Release|Any CPU
		{98F1E6A3-4369-47DE-B86D-A7F5BDD01959}.Debug|Any CPU.ActiveCfg = Debug|Any CPU
		{98F1E6A3-4369-47DE-B86D-A7F5BDD01959}.Debug|Any CPU.Build.0 = Debug|Any CPU
		{98F1E6A3-4369-47DE-B86D-A7F5BDD01959}.Release|Any CPU.ActiveCfg = Release|Any CPU
		{98F1E6A3-4369-47DE-B86D-A7F5BDD01959}.Release|Any CPU.Build.0 = Release|Any CPU
		{96846DCE-9CE1-4650-AFA3-8E0F28D4FBDA}.Debug|Any CPU.ActiveCfg = Debug|Any CPU
		{96846DCE-9CE1-4650-AFA3-8E0F28D4FBDA}.Debug|Any CPU.Build.0 = Debug|Any CPU
		{96846DCE-9CE1-4650-AFA3-8E0F28D4FBDA}.Release|Any CPU.ActiveCfg = Release|Any CPU
		{96846DCE-9CE1-4650-AFA3-8E0F28D4FBDA}.Release|Any CPU.Build.0 = Release|Any CPU
		{710932E1-AC28-4E8F-BA90-EBC01E7395BA}.Debug|Any CPU.ActiveCfg = Debug|Any CPU
		{710932E1-AC28-4E8F-BA90-EBC01E7395BA}.Debug|Any CPU.Build.0 = Debug|Any CPU
		{710932E1-AC28-4E8F-BA90-EBC01E7395BA}.Release|Any CPU.ActiveCfg = Release|Any CPU
		{710932E1-AC28-4E8F-BA90-EBC01E7395BA}.Release|Any CPU.Build.0 = Release|Any CPU
		{39703C3C-1BDB-4131-A29E-8D9CBFDB23E2}.Debug|Any CPU.ActiveCfg = Debug|Any CPU
		{39703C3C-1BDB-4131-A29E-8D9CBFDB23E2}.Debug|Any CPU.Build.0 = Debug|Any CPU
		{39703C3C-1BDB-4131-A29E-8D9CBFDB23E2}.Release|Any CPU.ActiveCfg = Release|Any CPU
		{39703C3C-1BDB-4131-A29E-8D9CBFDB23E2}.Release|Any CPU.Build.0 = Release|Any CPU
		{6E0B49E3-413C-48C1-B928-9FD16957A968}.Debug|Any CPU.ActiveCfg = Debug|Any CPU
		{6E0B49E3-413C-48C1-B928-9FD16957A968}.Debug|Any CPU.Build.0 = Debug|Any CPU
		{6E0B49E3-413C-48C1-B928-9FD16957A968}.Release|Any CPU.ActiveCfg = Release|Any CPU
		{6E0B49E3-413C-48C1-B928-9FD16957A968}.Release|Any CPU.Build.0 = Release|Any CPU
		{152334B8-A96E-4BF8-AA17-3631585D272A}.Debug|Any CPU.ActiveCfg = Debug|Any CPU
		{152334B8-A96E-4BF8-AA17-3631585D272A}.Debug|Any CPU.Build.0 = Debug|Any CPU
		{152334B8-A96E-4BF8-AA17-3631585D272A}.Release|Any CPU.ActiveCfg = Release|Any CPU
		{152334B8-A96E-4BF8-AA17-3631585D272A}.Release|Any CPU.Build.0 = Release|Any CPU
		{2BE5A96F-C0B7-4356-86FE-5AA451A59D6D}.Debug|Any CPU.ActiveCfg = Debug|Any CPU
		{2BE5A96F-C0B7-4356-86FE-5AA451A59D6D}.Debug|Any CPU.Build.0 = Debug|Any CPU
		{2BE5A96F-C0B7-4356-86FE-5AA451A59D6D}.Release|Any CPU.ActiveCfg = Release|Any CPU
		{2BE5A96F-C0B7-4356-86FE-5AA451A59D6D}.Release|Any CPU.Build.0 = Release|Any CPU
		{F1DF9E1D-E7E2-44E8-9F66-6D3A8D0A2925}.Debug|Any CPU.ActiveCfg = Debug|Any CPU
		{F1DF9E1D-E7E2-44E8-9F66-6D3A8D0A2925}.Debug|Any CPU.Build.0 = Debug|Any CPU
		{F1DF9E1D-E7E2-44E8-9F66-6D3A8D0A2925}.Release|Any CPU.ActiveCfg = Release|Any CPU
		{F1DF9E1D-E7E2-44E8-9F66-6D3A8D0A2925}.Release|Any CPU.Build.0 = Release|Any CPU
		{85AA85D0-DAFE-4706-9C70-820A30D0C61E}.Debug|Any CPU.ActiveCfg = Debug|Any CPU
		{85AA85D0-DAFE-4706-9C70-820A30D0C61E}.Debug|Any CPU.Build.0 = Debug|Any CPU
		{85AA85D0-DAFE-4706-9C70-820A30D0C61E}.Release|Any CPU.ActiveCfg = Release|Any CPU
		{85AA85D0-DAFE-4706-9C70-820A30D0C61E}.Release|Any CPU.Build.0 = Release|Any CPU
		{DDC87865-91C1-4208-B047-09C311074BBE}.Debug|Any CPU.ActiveCfg = Debug|Any CPU
		{DDC87865-91C1-4208-B047-09C311074BBE}.Debug|Any CPU.Build.0 = Debug|Any CPU
		{DDC87865-91C1-4208-B047-09C311074BBE}.Release|Any CPU.ActiveCfg = Release|Any CPU
		{DDC87865-91C1-4208-B047-09C311074BBE}.Release|Any CPU.Build.0 = Release|Any CPU
		{F1C85D8B-1D39-4D21-8BA7-CCC20BBAA731}.Debug|Any CPU.ActiveCfg = Debug|Any CPU
		{F1C85D8B-1D39-4D21-8BA7-CCC20BBAA731}.Debug|Any CPU.Build.0 = Debug|Any CPU
		{F1C85D8B-1D39-4D21-8BA7-CCC20BBAA731}.Release|Any CPU.ActiveCfg = Release|Any CPU
		{F1C85D8B-1D39-4D21-8BA7-CCC20BBAA731}.Release|Any CPU.Build.0 = Release|Any CPU
		{62E202CF-9598-4918-A597-DCB659DDAA64}.Debug|Any CPU.ActiveCfg = Debug|Any CPU
		{62E202CF-9598-4918-A597-DCB659DDAA64}.Debug|Any CPU.Build.0 = Debug|Any CPU
		{62E202CF-9598-4918-A597-DCB659DDAA64}.Release|Any CPU.ActiveCfg = Release|Any CPU
		{62E202CF-9598-4918-A597-DCB659DDAA64}.Release|Any CPU.Build.0 = Release|Any CPU
		{BDA724FC-50C3-45F1-A7BB-2618675B6B1D}.Debug|Any CPU.ActiveCfg = Debug|Any CPU
		{BDA724FC-50C3-45F1-A7BB-2618675B6B1D}.Debug|Any CPU.Build.0 = Debug|Any CPU
		{BDA724FC-50C3-45F1-A7BB-2618675B6B1D}.Release|Any CPU.ActiveCfg = Release|Any CPU
		{BDA724FC-50C3-45F1-A7BB-2618675B6B1D}.Release|Any CPU.Build.0 = Release|Any CPU
		{307C0D06-C659-4730-82EA-0AD5DBA10ECD}.Debug|Any CPU.ActiveCfg = Debug|Any CPU
		{307C0D06-C659-4730-82EA-0AD5DBA10ECD}.Debug|Any CPU.Build.0 = Debug|Any CPU
		{307C0D06-C659-4730-82EA-0AD5DBA10ECD}.Release|Any CPU.ActiveCfg = Release|Any CPU
		{307C0D06-C659-4730-82EA-0AD5DBA10ECD}.Release|Any CPU.Build.0 = Release|Any CPU
		{FC2117A5-6F6B-469E-B7EB-9735BE1BCF5A}.Debug|Any CPU.ActiveCfg = Debug|Any CPU
		{FC2117A5-6F6B-469E-B7EB-9735BE1BCF5A}.Debug|Any CPU.Build.0 = Debug|Any CPU
		{FC2117A5-6F6B-469E-B7EB-9735BE1BCF5A}.Release|Any CPU.ActiveCfg = Release|Any CPU
		{FC2117A5-6F6B-469E-B7EB-9735BE1BCF5A}.Release|Any CPU.Build.0 = Release|Any CPU
		{8BB100FF-489C-41D8-A45F-D31614D2EB93}.Debug|Any CPU.ActiveCfg = Debug|Any CPU
		{8BB100FF-489C-41D8-A45F-D31614D2EB93}.Debug|Any CPU.Build.0 = Debug|Any CPU
		{8BB100FF-489C-41D8-A45F-D31614D2EB93}.Release|Any CPU.ActiveCfg = Release|Any CPU
		{8BB100FF-489C-41D8-A45F-D31614D2EB93}.Release|Any CPU.Build.0 = Release|Any CPU
		{971F7FD6-2A91-4E1C-953A-831D92217FB4}.Debug|Any CPU.ActiveCfg = Debug|Any CPU
		{971F7FD6-2A91-4E1C-953A-831D92217FB4}.Debug|Any CPU.Build.0 = Debug|Any CPU
		{971F7FD6-2A91-4E1C-953A-831D92217FB4}.Release|Any CPU.ActiveCfg = Release|Any CPU
		{971F7FD6-2A91-4E1C-953A-831D92217FB4}.Release|Any CPU.Build.0 = Release|Any CPU
		{04BE09AE-1881-42B9-95A1-A2D954E8D9C6}.Debug|Any CPU.ActiveCfg = Debug|Any CPU
		{04BE09AE-1881-42B9-95A1-A2D954E8D9C6}.Debug|Any CPU.Build.0 = Debug|Any CPU
		{04BE09AE-1881-42B9-95A1-A2D954E8D9C6}.Release|Any CPU.ActiveCfg = Release|Any CPU
		{04BE09AE-1881-42B9-95A1-A2D954E8D9C6}.Release|Any CPU.Build.0 = Release|Any CPU
	EndGlobalSection
	GlobalSection(SolutionProperties) = preSolution
		HideSolutionNode = FALSE
	EndGlobalSection
	GlobalSection(ExtensibilityGlobals) = postSolution
		SolutionGuid = {CC43CA39-1F4B-4EFC-9E40-3862545CB807}
	EndGlobalSection
EndGlobal
